Microsoft Visual Studio Solution File, Format Version 12.00
# Visual Studio Version 17
VisualStudioVersion = 17.7.34031.279
MinimumVisualStudioVersion = 10.0.40219.1
Project("{9A19103F-16F7-4668-BE54-9A1E7A4F7556}") = "MES_WPF", "MES_WPF\MES_WPF.csproj", "{8C12B128-D9D9-447D-B132-942D3E9A9107}"
EndProject
Project("{9A19103F-16F7-4668-BE54-9A1E7A4F7556}") = "MES_WPF.Core", "MES_WPF.Core\MES_WPF.Core.csproj", "{5A1F781E-D0E7-45C6-9B6A-DFBA819A8FDA}"
EndProject
Project("{9A19103F-16F7-4668-BE54-9A1E7A4F7556}") = "MES_WPF.Data", "MES_WPF.Data\MES_WPF.Data.csproj", "{EB0016F6-F70B-49D0-A1BD-9E1B4EB42B5C}"
EndProject
Project("{FAE04EC0-301F-11D3-BF4B-00C04F79EFBC}") = "MES_WPF.Model", "MES_WPF.Model\MES_WPF.Model.csproj", "{D442AFE8-8F09-49E3-9C0A-FD09910517D9}"
EndProject
Global
	GlobalSection(SolutionConfigurationPlatforms) = preSolution
		Debug|Any CPU = Debug|Any CPU
		Release|Any CPU = Release|Any CPU
	EndGlobalSection
	GlobalSection(ProjectConfigurationPlatforms) = postSolution
		{8C12B128-D9D9-447D-B132-942D3E9A9107}.Debug|Any CPU.ActiveCfg = Debug|Any CPU
		{8C12B128-D9D9-447D-B132-942D3E9A9107}.Debug|Any CPU.Build.0 = Debug|Any CPU
		{8C12B128-D9D9-447D-B132-942D3E9A9107}.Release|Any CPU.ActiveCfg = Release|Any CPU
		{8C12B128-D9D9-447D-B132-942D3E9A9107}.Release|Any CPU.Build.0 = Release|Any CPU
		{5A1F781E-D0E7-45C6-9B6A-DFBA819A8FDA}.Debug|Any CPU.ActiveCfg = Debug|Any CPU
		{5A1F781E-D0E7-45C6-9B6A-DFBA819A8FDA}.Debug|Any CPU.Build.0 = Debug|Any CPU
		{5A1F781E-D0E7-45C6-9B6A-DFBA819A8FDA}.Release|Any CPU.ActiveCfg = Release|Any CPU
		{5A1F781E-D0E7-45C6-9B6A-DFBA819A8FDA}.Release|Any CPU.Build.0 = Release|Any CPU
		{EB0016F6-F70B-49D0-A1BD-9E1B4EB42B5C}.Debug|Any CPU.ActiveCfg = Debug|Any CPU
		{EB0016F6-F70B-49D0-A1BD-9E1B4EB42B5C}.Debug|Any CPU.Build.0 = Debug|Any CPU
		{EB0016F6-F70B-49D0-A1BD-9E1B4EB42B5C}.Release|Any CPU.ActiveCfg = Release|Any CPU
		{EB0016F6-F70B-49D0-A1BD-9E1B4EB42B5C}.Release|Any CPU.Build.0 = Release|Any CPU
		{D442AFE8-8F09-49E3-9C0A-FD09910517D9}.Debug|Any CPU.ActiveCfg = Debug|Any CPU
		{D442AFE8-8F09-49E3-9C0A-FD09910517D9}.Debug|Any CPU.Build.0 = Debug|Any CPU
		{D442AFE8-8F09-49E3-9C0A-FD09910517D9}.Release|Any CPU.ActiveCfg = Release|Any CPU
		{D442AFE8-8F09-49E3-9C0A-FD09910517D9}.Release|Any CPU.Build.0 = Release|Any CPU
	EndGlobalSection
	GlobalSection(SolutionProperties) = preSolution
		HideSolutionNode = FALSE
	EndGlobalSection
	GlobalSection(ExtensibilityGlobals) = postSolution
		SolutionGuid = {37D91791-5D59-4B3C-A9A7-659F1E042E7D}
	EndGlobalSection
EndGlobal
